
Microsoft Visual Studio Solution File, Format Version 12.00
# Visual Studio 2013
VisualStudioVersion = 12.0.30723.0
MinimumVisualStudioVersion = 10.0.40219.1
Project("{FAE04EC0-301F-11D3-BF4B-00C04F79EFBC}") = "Algorithms", "Algorithms\Algorithms.csproj", "{4FCF6A0E-66E9-424C-81D5-1ED69584FA31}"
EndProject
Project("{FAE04EC0-301F-11D3-BF4B-00C04F79EFBC}") = "Algorithms.Tests", "Algorithms.Tests\Algorithms.Tests.csproj", "{E3038BEE-B4C8-4F0C-8799-20D72D6EB7A4}"
EndProject
Global
	GlobalSection(SolutionConfigurationPlatforms) = preSolution
		Debug|Any CPU = Debug|Any CPU
		Release|Any CPU = Release|Any CPU
	EndGlobalSection
	GlobalSection(ProjectConfigurationPlatforms) = postSolution
		{4FCF6A0E-66E9-424C-81D5-1ED69584FA31}.Debug|Any CPU.ActiveCfg = Debug|Any CPU
		{4FCF6A0E-66E9-424C-81D5-1ED69584FA31}.Debug|Any CPU.Build.0 = Debug|Any CPU
		{4FCF6A0E-66E9-424C-81D5-1ED69584FA31}.Release|Any CPU.ActiveCfg = Release|Any CPU
		{4FCF6A0E-66E9-424C-81D5-1ED69584FA31}.Release|Any CPU.Build.0 = Release|Any CPU
		{E3038BEE-B4C8-4F0C-8799-20D72D6EB7A4}.Debug|Any CPU.ActiveCfg = Debug|Any CPU
		{E3038BEE-B4C8-4F0C-8799-20D72D6EB7A4}.Debug|Any CPU.Build.0 = Debug|Any CPU
		{E3038BEE-B4C8-4F0C-8799-20D72D6EB7A4}.Release|Any CPU.ActiveCfg = Release|Any CPU
		{E3038BEE-B4C8-4F0C-8799-20D72D6EB7A4}.Release|Any CPU.Build.0 = Release|Any CPU
	EndGlobalSection
	GlobalSection(SolutionProperties) = preSolution
		HideSolutionNode = FALSE
	EndGlobalSection
EndGlobal
